
Microsoft Visual Studio Solution File, Format Version 12.00
# Visual Studio Version 17
VisualStudioVersion = 17.5.33516.290
MinimumVisualStudioVersion = 10.0.40219.1
Project("{FAE04EC0-301F-11D3-BF4B-00C04F79EFBC}") = "Lox", "F:\Lox\Lox\Lox.csproj", "{10E24C5D-11E1-4E5E-9ADB-F7D613CFA787}"
EndProject
Global
	GlobalSection(SolutionConfigurationPlatforms) = preSolution
		Debug|Any CPU = Debug|Any CPU
		Release|Any CPU = Release|Any CPU
	EndGlobalSection
	GlobalSection(ProjectConfigurationPlatforms) = postSolution
		{10E24C5D-11E1-4E5E-9ADB-F7D613CFA787}.Debug|Any CPU.ActiveCfg = Debug|Any CPU
		{10E24C5D-11E1-4E5E-9ADB-F7D613CFA787}.Debug|Any CPU.Build.0 = Debug|Any CPU
		{10E24C5D-11E1-4E5E-9ADB-F7D613CFA787}.Release|Any CPU.ActiveCfg = Release|Any CPU
		{10E24C5D-11E1-4E5E-9ADB-F7D613CFA787}.Release|Any CPU.Build.0 = Release|Any CPU
	EndGlobalSection
	GlobalSection(SolutionProperties) = preSolution
		HideSolutionNode = FALSE
	EndGlobalSection
	GlobalSection(ExtensibilityGlobals) = postSolution
		SolutionGuid = {26BD6EC5-8BB9-4AD5-93A9-C55A09C12F7D}
	EndGlobalSection
EndGlobal
